PODS:
  - ffmpeg-kit-macos-full-gpl (6.0)
  - ffmpeg_kit_flutter_full_gpl (6.0.3):
    - ffmpeg_kit_flutter_full_gpl/full-gpl (= 6.0.3)
    - FlutterMacOS
  - ffmpeg_kit_flutter_full_gpl/full-gpl (6.0.3):
    - ffmpeg-kit-macos-full-gpl (= 6.0)
    - FlutterMacOS
  - FlutterMacOS (1.0.0)
  - path_provider_foundation (0.0.1):
    - Flutter
    - FlutterMacOS
  - record_darwin (1.0.0):
    - Flutter
    - FlutterMacOS
  - whisper_flutter_new (0.0.1):
    - FlutterMacOS

DEPENDENCIES:
  - ffmpeg_kit_flutter_full_gpl (from `Flutter/ephemeral/.symlinks/plugins/ffmpeg_kit_flutter_full_gpl/macos`)
  - FlutterMacOS (from `Flutter/ephemeral`)
  - path_provider_foundation (from `Flutter/ephemeral/.symlinks/plugins/path_provider_foundation/darwin`)
  - record_darwin (from `Flutter/ephemeral/.symlinks/plugins/record_darwin/macos`)
  - whisper_flutter_new (from `Flutter/ephemeral/.symlinks/plugins/whisper_flutter_new/macos`)

SPEC REPOS:
  trunk:
    - ffmpeg-kit-macos-full-gpl

EXTERNAL SOURCES:
  ffmpeg_kit_flutter_full_gpl:
    :path: Flutter/ephemeral/.symlinks/plugins/ffmpeg_kit_flutter_full_gpl/macos
  FlutterMacOS:
    :path: Flutter/ephemeral
  path_provider_foundation:
    :path: Flutter/ephemeral/.symlinks/plugins/path_provider_foundation/darwin
  record_darwin:
    :path: Flutter/ephemeral/.symlinks/plugins/record_darwin/macos
  whisper_flutter_new:
    :path: Flutter/ephemeral/.symlinks/plugins/whisper_flutter_new/macos

SPEC CHECKSUMS:
  ffmpeg-kit-macos-full-gpl: c9bd04ddd4dc777db0ecda4e342bb4f5ad972157
  ffmpeg_kit_flutter_full_gpl: 29a39b7a0cef8199794e41bcef72cadff167c2a5
  FlutterMacOS: 8f6f14fa908a6fb3fba0cd85dbd81ec4b251fb24
  path_provider_foundation: 2b6b4c569c0fb62ec74538f866245ac84301af46
  record_darwin: 1f6619f2abac4d1ca91d3eeab038c980d76f1517
  whisper_flutter_new: 6a658049000ed4a0dbe2231482921b7ac22ae36a

PODFILE CHECKSUM: 9ebaf0ce3d369aaa26a9ea0e159195ed94724cf3

COCOAPODS: 1.15.2
